// !$*UTF8*$!
{
	archiveVersion = 1;
	classes = {
	};
	objectVersion = 51;
	objects = {

/* Begin PBXBuildFile section */
		644361B822E43B94009DCC76 /* SpinnerView.swift in Sources */ = {isa = PBXBuildFile; fileRef = 644361B722E43B94009DCC76 /* SpinnerView.swift */; };
		644DD83F22DDAE8600DFE358 /* AppDelegate.swift in Sources */ = {isa = PBXBuildFile; fileRef = 644DD83E22DDAE8600DFE358 /* AppDelegate.swift */; };
		644DD84622DDAE8700DFE358 /* Assets.xcassets in Resources */ = {isa = PBXBuildFile; fileRef = 644DD84522DDAE8700DFE358 /* Assets.xcassets */; };
		644DD84922DDAE8700DFE358 /* LaunchScreen.storyboard in Resources */ = {isa = PBXBuildFile; fileRef = 644DD84722DDAE8700DFE358 /* LaunchScreen.storyboard */; };
		644DD85422DDAE8700DFE358 /* DemoTests.swift in Sources */ = {isa = PBXBuildFile; fileRef = 644DD85322DDAE8700DFE358 /* DemoTests.swift */; };
		644DD85F22DDAE8700DFE358 /* DemoUITests.swift in Sources */ = {isa = PBXBuildFile; fileRef = 644DD85E22DDAE8700DFE358 /* DemoUITests.swift */; };
		648030F522DEEC1F003274E3 /* Network.swift in Sources */ = {isa = PBXBuildFile; fileRef = 648030F422DEEC1F003274E3 /* Network.swift */; };
		648030F722DEEC62003274E3 /* Interceptor.swift in Sources */ = {isa = PBXBuildFile; fileRef = 648030F622DEEC62003274E3 /* Interceptor.swift */; };
		648030FA22DEF1AA003274E3 /* Constants.swift in Sources */ = {isa = PBXBuildFile; fileRef = 648030F922DEF1AA003274E3 /* Constants.swift */; };
		64A08ED122E47D460032489D /* MovieDetailHeaderView.xib in Resources */ = {isa = PBXBuildFile; fileRef = 64A08ECD22E47D460032489D /* MovieDetailHeaderView.xib */; };
		64A08ED222E47D460032489D /* MovieDetailHeaderView.swift in Sources */ = {isa = PBXBuildFile; fileRef = 64A08ECE22E47D460032489D /* MovieDetailHeaderView.swift */; };
		64A08ED722E4AA5D0032489D /* MovieDetailTVC.swift in Sources */ = {isa = PBXBuildFile; fileRef = 64A08ED622E4AA5D0032489D /* MovieDetailTVC.swift */; };
		64A08EDA22E4ABE50032489D /* Main.storyboard in Resources */ = {isa = PBXBuildFile; fileRef = 64A08ED822E4ABE50032489D /* Main.storyboard */; };
		64A08EDD22E4BBA90032489D /* Movie.json in Resources */ = {isa = PBXBuildFile; fileRef = 64A08EDB22E4BBA90032489D /* Movie.json */; };
		64A08EDE22E4BBA90032489D /* Movie.swift in Sources */ = {isa = PBXBuildFile; fileRef = 64A08EDC22E4BBA90032489D /* Movie.swift */; };
		64A08EE122E4D4090032489D /* CellWithLabels.xib in Resources */ = {isa = PBXBuildFile; fileRef = 64A08EDF22E4D4090032489D /* CellWithLabels.xib */; };
		64A08EE222E4D4090032489D /* CellWithLabels.swift in Sources */ = {isa = PBXBuildFile; fileRef = 64A08EE022E4D4090032489D /* CellWithLabels.swift */; };
		64A08EE522E4D4310032489D /* CellWithTextView.swift in Sources */ = {isa = PBXBuildFile; fileRef = 64A08EE322E4D4310032489D /* CellWithTextView.swift */; };
		64A08EE622E4D4310032489D /* CellWithTextView.xib in Resources */ = {isa = PBXBuildFile; fileRef = 64A08EE422E4D4310032489D /* CellWithTextView.xib */; };
		64A08EE922E4E4AE0032489D /* CellWithSimilarMovies.swift in Sources */ = {isa = PBXBuildFile; fileRef = 64A08EE722E4E4AE0032489D /* CellWithSimilarMovies.swift */; };
		64A08EEA22E4E4AE0032489D /* CellWithSimilarMovies.xib in Resources */ = {isa = PBXBuildFile; fileRef = 64A08EE822E4E4AE0032489D /* CellWithSimilarMovies.xib */; };
		64A08EED22E4E5EA0032489D /* CellWithImageLabel.swift in Sources */ = {isa = PBXBuildFile; fileRef = 64A08EEB22E4E5EA0032489D /* CellWithImageLabel.swift */; };
		64A08EEE22E4E5EA0032489D /* CellWithImageLabel.xib in Resources */ = {isa = PBXBuildFile; fileRef = 64A08EEC22E4E5EA0032489D /* CellWithImageLabel.xib */; };
		64F6499722DE221300D1856B /* MainTVC.swift in Sources */ = {isa = PBXBuildFile; fileRef = 64F6499622DE221300D1856B /* MainTVC.swift */; };
		64F6499B22DE243300D1856B /* MovieTableViewCell.xib in Resources */ = {isa = PBXBuildFile; fileRef = 64F6499A22DE243300D1856B /* MovieTableViewCell.xib */; };
		64F6499D22DE275800D1856B /* MovieTableViewCell.swift in Sources */ = {isa = PBXBuildFile; fileRef = 64F6499C22DE275800D1856B /* MovieTableViewCell.swift */; };
		BAD8BEAD61FF1D943B47424D /* Pods_DemoUITests.framework in Frameworks */ = {isa = PBXBuildFile; fileRef = ABB68A9D072418B36DE47D17 /* Pods_DemoUITests.framework */; };
		DA64B8F272D6B87310FD94CE /* Pods_Demo.framework in Frameworks */ = {isa = PBXBuildFile; fileRef = F52379608A7E4038771B71F4 /* Pods_Demo.framework */; };
		E6BF1402D73F137BEE4679B7 /* Pods_DemoTests.framework in Frameworks */ = {isa = PBXBuildFile; fileRef = 2A6ADCC42AFDBB0044D68DFB /* Pods_DemoTests.framework */; };
/* End PBXBuildFile section */

/* Begin PBXContainerItemProxy section */
		644DD85022DDAE8700DFE358 /* PBXContainerItemProxy */ = {
			isa = PBXContainerItemProxy;
			containerPortal = 644DD83322DDAE8600DFE358 /* Project object */;
			proxyType = 1;
			remoteGlobalIDString = 644DD83A22DDAE8600DFE358;
			remoteInfo = Demo;
		};
		644DD85B22DDAE8700DFE358 /* PBXContainerItemProxy */ = {
			isa = PBXContainerItemProxy;
			containerPortal = 644DD83322DDAE8600DFE358 /* Project object */;
			proxyType = 1;
			remoteGlobalIDString = 644DD83A22DDAE8600DFE358;
			remoteInfo = Demo;
		};
/* End PBXContainerItemProxy section */

/* Begin PBXFileReference section */
		080CCD9A8AA3D96066D9E7F4 /* Pods-DemoUITests.release.xcconfig */ = {isa = PBXFileReference; includeInIndex = 1; lastKnownFileType = text.xcconfig; name = "Pods-DemoUITests.release.xcconfig"; path = "Target Support Files/Pods-DemoUITests/Pods-DemoUITests.release.xcconfig"; sourceTree = "<group>"; };
		28B41C348B3E6FCB579DF455 /* Pods-DemoTests.release.xcconfig */ = {isa = PBXFileReference; includeInIndex = 1; lastKnownFileType = text.xcconfig; name = "Pods-DemoTests.release.xcconfig"; path = "Target Support Files/Pods-DemoTests/Pods-DemoTests.release.xcconfig"; sourceTree = "<group>"; };
		2A6ADCC42AFDBB0044D68DFB /* Pods_DemoTests.framework */ = {isa = PBXFileReference; explicitFileType = wrapper.framework; includeInIndex = 0; path = Pods_DemoTests.framework; sourceTree = BUILT_PRODUCTS_DIR; };
		644361B722E43B94009DCC76 /* SpinnerView.swift */ = {isa = PBXFileReference; lastKnownFileType = sourcecode.swift; path = SpinnerView.swift; sourceTree = "<group>"; };
		644DD83B22DDAE8600DFE358 /* Demo.app */ = {isa = PBXFileReference; explicitFileType = wrapper.application; includeInIndex = 0; path = Demo.app; sourceTree = BUILT_PRODUCTS_DIR; };
		644DD83E22DDAE8600DFE358 /* AppDelegate.swift */ = {isa = PBXFileReference; lastKnownFileType = sourcecode.swift; path = AppDelegate.swift; sourceTree = "<group>"; };
		644DD84522DDAE8700DFE358 /* Assets.xcassets */ = {isa = PBXFileReference; lastKnownFileType = folder.assetcatalog; path = Assets.xcassets; sourceTree = "<group>"; };
		644DD84822DDAE8700DFE358 /* Base */ = {isa = PBXFileReference; lastKnownFileType = file.storyboard; name = Base; path = Base.lproj/LaunchScreen.storyboard; sourceTree = "<group>"; };
		644DD84A22DDAE8700DFE358 /* Info.plist */ = {isa = PBXFileReference; lastKnownFileType = text.plist.xml; path = Info.plist; sourceTree = "<group>"; };
		644DD84F22DDAE8700DFE358 /* DemoTests.xctest */ = {isa = PBXFileReference; explicitFileType = wrapper.cfbundle; includeInIndex = 0; path = DemoTests.xctest; sourceTree = BUILT_PRODUCTS_DIR; };
		644DD85322DDAE8700DFE358 /* DemoTests.swift */ = {isa = PBXFileReference; lastKnownFileType = sourcecode.swift; path = DemoTests.swift; sourceTree = "<group>"; };
		644DD85522DDAE8700DFE358 /* Info.plist */ = {isa = PBXFileReference; lastKnownFileType = text.plist.xml; path = Info.plist; sourceTree = "<group>"; };
		644DD85A22DDAE8700DFE358 /* DemoUITests.xctest */ = {isa = PBXFileReference; explicitFileType = wrapper.cfbundle; includeInIndex = 0; path = DemoUITests.xctest; sourceTree = BUILT_PRODUCTS_DIR; };
		644DD85E22DDAE8700DFE358 /* DemoUITests.swift */ = {isa = PBXFileReference; lastKnownFileType = sourcecode.swift; path = DemoUITests.swift; sourceTree = "<group>"; };
		644DD86022DDAE8700DFE358 /* Info.plist */ = {isa = PBXFileReference; lastKnownFileType = text.plist.xml; path = Info.plist; sourceTree = "<group>"; };
		648030F422DEEC1F003274E3 /* Network.swift */ = {isa = PBXFileReference; lastKnownFileType = sourcecode.swift; path = Network.swift; sourceTree = "<group>"; };
		648030F622DEEC62003274E3 /* Interceptor.swift */ = {isa = PBXFileReference; lastKnownFileType = sourcecode.swift; path = Interceptor.swift; sourceTree = "<group>"; };
		648030F922DEF1AA003274E3 /* Constants.swift */ = {isa = PBXFileReference; lastKnownFileType = sourcecode.swift; path = Constants.swift; sourceTree = "<group>"; };
		64A08ECD22E47D460032489D /* MovieDetailHeaderView.xib */ = {isa = PBXFileReference; fileEncoding = 4; lastKnownFileType = file.xib; path = MovieDetailHeaderView.xib; sourceTree = "<group>"; };
		64A08ECE22E47D460032489D /* MovieDetailHeaderView.swift */ = {isa = PBXFileReference; fileEncoding = 4; lastKnownFileType = sourcecode.swift; path = MovieDetailHeaderView.swift; sourceTree = "<group>"; };
		64A08ED622E4AA5D0032489D /* MovieDetailTVC.swift */ = {isa = PBXFileReference; lastKnownFileType = sourcecode.swift; path = MovieDetailTVC.swift; sourceTree = "<group>"; };
		64A08ED922E4ABE50032489D /* Base */ = {isa = PBXFileReference; lastKnownFileType = file.storyboard; name = Base; path = Base.lproj/Main.storyboard; sourceTree = "<group>"; };
		64A08EDB22E4BBA90032489D /* Movie.json */ = {isa = PBXFileReference; fileEncoding = 4; lastKnownFileType = text.json; path = Movie.json; sourceTree = "<group>"; };
		64A08EDC22E4BBA90032489D /* Movie.swift */ = {isa = PBXFileReference; fileEncoding = 4; lastKnownFileType = sourcecode.swift; path = Movie.swift; sourceTree = "<group>"; };
		64A08EDF22E4D4090032489D /* CellWithLabels.xib */ = {isa = PBXFileReference; fileEncoding = 4; lastKnownFileType = file.xib; path = CellWithLabels.xib; sourceTree = "<group>"; };
		64A08EE022E4D4090032489D /* CellWithLabels.swift */ = {isa = PBXFileReference; fileEncoding = 4; lastKnownFileType = sourcecode.swift; path = CellWithLabels.swift; sourceTree = "<group>"; };
		64A08EE322E4D4310032489D /* CellWithTextView.swift */ = {isa = PBXFileReference; lastKnownFileType = sourcecode.swift; path = CellWithTextView.swift; sourceTree = "<group>"; };
		64A08EE422E4D4310032489D /* CellWithTextView.xib */ = {isa = PBXFileReference; lastKnownFileType = file.xib; path = CellWithTextView.xib; sourceTree = "<group>"; };
		64A08EE722E4E4AE0032489D /* CellWithSimilarMovies.swift */ = {isa = PBXFileReference; lastKnownFileType = sourcecode.swift; path = CellWithSimilarMovies.swift; sourceTree = "<group>"; };
		64A08EE822E4E4AE0032489D /* CellWithSimilarMovies.xib */ = {isa = PBXFileReference; lastKnownFileType = file.xib; path = CellWithSimilarMovies.xib; sourceTree = "<group>"; };
		64A08EEB22E4E5EA0032489D /* CellWithImageLabel.swift */ = {isa = PBXFileReference; lastKnownFileType = sourcecode.swift; path = CellWithImageLabel.swift; sourceTree = "<group>"; };
		64A08EEC22E4E5EA0032489D /* CellWithImageLabel.xib */ = {isa = PBXFileReference; lastKnownFileType = file.xib; path = CellWithImageLabel.xib; sourceTree = "<group>"; };
		64F6499622DE221300D1856B /* MainTVC.swift */ = {isa = PBXFileReference; lastKnownFileType = sourcecode.swift; path = MainTVC.swift; sourceTree = "<group>"; };
		64F6499A22DE243300D1856B /* MovieTableViewCell.xib */ = {isa = PBXFileReference; lastKnownFileType = file.xib; path = MovieTableViewCell.xib; sourceTree = "<group>"; };
		64F6499C22DE275800D1856B /* MovieTableViewCell.swift */ = {isa = PBXFileReference; lastKnownFileType = sourcecode.swift; path = MovieTableViewCell.swift; sourceTree = "<group>"; };
		7AB5D58598ED1B685111149D /* Pods-Demo.release.xcconfig */ = {isa = PBXFileReference; includeInIndex = 1; lastKnownFileType = text.xcconfig; name = "Pods-Demo.release.xcconfig"; path = "Target Support Files/Pods-Demo/Pods-Demo.release.xcconfig"; sourceTree = "<group>"; };
		9543602F8C766C0835914706 /* Pods-Demo.debug.xcconfig */ = {isa = PBXFileReference; includeInIndex = 1; lastKnownFileType = text.xcconfig; name = "Pods-Demo.debug.xcconfig"; path = "Target Support Files/Pods-Demo/Pods-Demo.debug.xcconfig"; sourceTree = "<group>"; };
		ABB68A9D072418B36DE47D17 /* Pods_DemoUITests.framework */ = {isa = PBXFileReference; explicitFileType = wrapper.framework; includeInIndex = 0; path = Pods_DemoUITests.framework; sourceTree = BUILT_PRODUCTS_DIR; };
		C2533B0268D6A7F243034467 /* Pods-DemoTests.debug.xcconfig */ = {isa = PBXFileReference; includeInIndex = 1; lastKnownFileType = text.xcconfig; name = "Pods-DemoTests.debug.xcconfig"; path = "Target Support Files/Pods-DemoTests/Pods-DemoTests.debug.xcconfig"; sourceTree = "<group>"; };
		EE26B5F5E8A2858294937405 /* Pods-DemoUITests.debug.xcconfig */ = {isa = PBXFileReference; includeInIndex = 1; lastKnownFileType = text.xcconfig; name = "Pods-DemoUITests.debug.xcconfig"; path = "Target Support Files/Pods-DemoUITests/Pods-DemoUITests.debug.xcconfig"; sourceTree = "<group>"; };
		F52379608A7E4038771B71F4 /* Pods_Demo.framework */ = {isa = PBXFileReference; explicitFileType = wrapper.framework; includeInIndex = 0; path = Pods_Demo.framework; sourceTree = BUILT_PRODUCTS_DIR; };
/* End PBXFileReference section */

/* Begin PBXFrameworksBuildPhase section */
		644DD83822DDAE8600DFE358 /* Frameworks */ = {
			isa = PBXFrameworksBuildPhase;
			buildActionMask = 2147483647;
			files = (
				DA64B8F272D6B87310FD94CE /* Pods_Demo.framework in Frameworks */,
			);
			runOnlyForDeploymentPostprocessing = 0;
		};
		644DD84C22DDAE8700DFE358 /* Frameworks */ = {
			isa = PBXFrameworksBuildPhase;
			buildActionMask = 2147483647;
			files = (
				E6BF1402D73F137BEE4679B7 /* Pods_DemoTests.framework in Frameworks */,
			);
			runOnlyForDeploymentPostprocessing = 0;
		};
		644DD85722DDAE8700DFE358 /* Frameworks */ = {
			isa = PBXFrameworksBuildPhase;
			buildActionMask = 2147483647;
			files = (
				BAD8BEAD61FF1D943B47424D /* Pods_DemoUITests.framework in Frameworks */,
			);
			runOnlyForDeploymentPostprocessing = 0;
		};
/* End PBXFrameworksBuildPhase section */

/* Begin PBXGroup section */
		08A9E77096C8EB1D037B85A1 /* Frameworks */ = {
			isa = PBXGroup;
			children = (
				F52379608A7E4038771B71F4 /* Pods_Demo.framework */,
				2A6ADCC42AFDBB0044D68DFB /* Pods_DemoTests.framework */,
				ABB68A9D072418B36DE47D17 /* Pods_DemoUITests.framework */,
			);
			name = Frameworks;
			sourceTree = "<group>";
		};
		644DD83222DDAE8600DFE358 = {
			isa = PBXGroup;
			children = (
				644DD83D22DDAE8600DFE358 /* Demo */,
				644DD85222DDAE8700DFE358 /* DemoTests */,
				644DD85D22DDAE8700DFE358 /* DemoUITests */,
				644DD83C22DDAE8600DFE358 /* Products */,
				B2157A15E4BA06E0B0517FAB /* Pods */,
				08A9E77096C8EB1D037B85A1 /* Frameworks */,
			);
			sourceTree = "<group>";
		};
		644DD83C22DDAE8600DFE358 /* Products */ = {
			isa = PBXGroup;
			children = (
				644DD83B22DDAE8600DFE358 /* Demo.app */,
				644DD84F22DDAE8700DFE358 /* DemoTests.xctest */,
				644DD85A22DDAE8700DFE358 /* DemoUITests.xctest */,
			);
			name = Products;
			sourceTree = "<group>";
		};
		644DD83D22DDAE8600DFE358 /* Demo */ = {
			isa = PBXGroup;
			children = (
				644DD84522DDAE8700DFE358 /* Assets.xcassets */,
				644DD83E22DDAE8600DFE358 /* AppDelegate.swift */,
				644DD84722DDAE8700DFE358 /* LaunchScreen.storyboard */,
				644DD84A22DDAE8700DFE358 /* Info.plist */,
				64F6499322DE217800D1856B /* Model */,
				64F6499422DE218100D1856B /* Views */,
				64F6499522DE218A00D1856B /* Controller */,
				648030F322DEEBFF003274E3 /* Managers */,
				648030F822DEF186003274E3 /* Utilities */,
			);
			path = Demo;
			sourceTree = "<group>";
		};
		644DD85222DDAE8700DFE358 /* DemoTests */ = {
			isa = PBXGroup;
			children = (
				644DD85322DDAE8700DFE358 /* DemoTests.swift */,
				644DD85522DDAE8700DFE358 /* Info.plist */,
			);
			path = DemoTests;
			sourceTree = "<group>";
		};
		644DD85D22DDAE8700DFE358 /* DemoUITests */ = {
			isa = PBXGroup;
			children = (
				644DD85E22DDAE8700DFE358 /* DemoUITests.swift */,
				644DD86022DDAE8700DFE358 /* Info.plist */,
			);
			path = DemoUITests;
			sourceTree = "<group>";
		};
		648030F322DEEBFF003274E3 /* Managers */ = {
			isa = PBXGroup;
			children = (
				648030F422DEEC1F003274E3 /* Network.swift */,
				648030F622DEEC62003274E3 /* Interceptor.swift */,
			);
			path = Managers;
			sourceTree = "<group>";
		};
		648030F822DEF186003274E3 /* Utilities */ = {
			isa = PBXGroup;
			children = (
				648030F922DEF1AA003274E3 /* Constants.swift */,
				644361B722E43B94009DCC76 /* SpinnerView.swift */,
			);
			path = Utilities;
			sourceTree = "<group>";
		};
		64F6499322DE217800D1856B /* Model */ = {
			isa = PBXGroup;
			children = (
				64A08EDB22E4BBA90032489D /* Movie.json */,
				64A08EDC22E4BBA90032489D /* Movie.swift */,
			);
			path = Model;
			sourceTree = "<group>";
		};
		64F6499422DE218100D1856B /* Views */ = {
			isa = PBXGroup;
			children = (
				64F6499922DE23E300D1856B /* Views */,
				64F6499822DE23D600D1856B /* Storyboard */,
			);
			path = Views;
			sourceTree = "<group>";
		};
		64F6499522DE218A00D1856B /* Controller */ = {
			isa = PBXGroup;
			children = (
				64F6499622DE221300D1856B /* MainTVC.swift */,
				64A08ED622E4AA5D0032489D /* MovieDetailTVC.swift */,
			);
			path = Controller;
			sourceTree = "<group>";
		};
		64F6499822DE23D600D1856B /* Storyboard */ = {
			isa = PBXGroup;
			children = (
				64A08ED822E4ABE50032489D /* Main.storyboard */,
			);
			path = Storyboard;
			sourceTree = "<group>";
		};
		64F6499922DE23E300D1856B /* Views */ = {
			isa = PBXGroup;
			children = (
				64F649A222DE2F3300D1856B /* MovieCell */,
				64F649A322DE2F3D00D1856B /* MovieDetailCell */,
			);
			path = Views;
			sourceTree = "<group>";
		};
		64F649A222DE2F3300D1856B /* MovieCell */ = {
			isa = PBXGroup;
			children = (
				64F6499A22DE243300D1856B /* MovieTableViewCell.xib */,
				64F6499C22DE275800D1856B /* MovieTableViewCell.swift */,
			);
			path = MovieCell;
			sourceTree = "<group>";
		};
		64F649A322DE2F3D00D1856B /* MovieDetailCell */ = {
			isa = PBXGroup;
			children = (
				64A08EE022E4D4090032489D /* CellWithLabels.swift */,
				64A08EDF22E4D4090032489D /* CellWithLabels.xib */,
				64A08ECE22E47D460032489D /* MovieDetailHeaderView.swift */,
				64A08ECD22E47D460032489D /* MovieDetailHeaderView.xib */,
				64A08EE322E4D4310032489D /* CellWithTextView.swift */,
				64A08EE422E4D4310032489D /* CellWithTextView.xib */,
				64A08EE722E4E4AE0032489D /* CellWithSimilarMovies.swift */,
				64A08EE822E4E4AE0032489D /* CellWithSimilarMovies.xib */,
				64A08EEB22E4E5EA0032489D /* CellWithImageLabel.swift */,
				64A08EEC22E4E5EA0032489D /* CellWithImageLabel.xib */,
			);
			path = MovieDetailCell;
			sourceTree = "<group>";
		};
		B2157A15E4BA06E0B0517FAB /* Pods */ = {
			isa = PBXGroup;
			children = (
				9543602F8C766C0835914706 /* Pods-Demo.debug.xcconfig */,
				7AB5D58598ED1B685111149D /* Pods-Demo.release.xcconfig */,
				C2533B0268D6A7F243034467 /* Pods-DemoTests.debug.xcconfig */,
				28B41C348B3E6FCB579DF455 /* Pods-DemoTests.release.xcconfig */,
				EE26B5F5E8A2858294937405 /* Pods-DemoUITests.debug.xcconfig */,
				080CCD9A8AA3D96066D9E7F4 /* Pods-DemoUITests.release.xcconfig */,
			);
			path = Pods;
			sourceTree = "<group>";
		};
/* End PBXGroup section */

/* Begin PBXNativeTarget section */
		644DD83A22DDAE8600DFE358 /* Demo */ = {
			isa = PBXNativeTarget;
			buildConfigurationList = 644DD86322DDAE8700DFE358 /* Build configuration list for PBXNativeTarget "Demo" */;
			buildPhases = (
				63B93B1AF7C4F9BE02B02D1B /* [CP] Check Pods Manifest.lock */,
				644DD83722DDAE8600DFE358 /* Sources */,
				644DD83822DDAE8600DFE358 /* Frameworks */,
				644DD83922DDAE8600DFE358 /* Resources */,
				9C77AF0F26DBAB97732CB94F /* [CP] Embed Pods Frameworks */,
			);
			buildRules = (
			);
			dependencies = (
			);
			name = Demo;
			productName = Demo;
			productReference = 644DD83B22DDAE8600DFE358 /* Demo.app */;
			productType = "com.apple.product-type.application";
		};
		644DD84E22DDAE8700DFE358 /* DemoTests */ = {
			isa = PBXNativeTarget;
			buildConfigurationList = 644DD86622DDAE8700DFE358 /* Build configuration list for PBXNativeTarget "DemoTests" */;
			buildPhases = (
				DD17C81C8F3FA03FDEFECBB1 /* [CP] Check Pods Manifest.lock */,
				644DD84B22DDAE8700DFE358 /* Sources */,
				644DD84C22DDAE8700DFE358 /* Frameworks */,
				644DD84D22DDAE8700DFE358 /* Resources */,
				5425E954403F628FDD1C9E3E /* [CP] Embed Pods Frameworks */,
			);
			buildRules = (
			);
			dependencies = (
				644DD85122DDAE8700DFE358 /* PBXTargetDependency */,
			);
			name = DemoTests;
			productName = DemoTests;
			productReference = 644DD84F22DDAE8700DFE358 /* DemoTests.xctest */;
			productType = "com.apple.product-type.bundle.unit-test";
		};
		644DD85922DDAE8700DFE358 /* DemoUITests */ = {
			isa = PBXNativeTarget;
			buildConfigurationList = 644DD86922DDAE8700DFE358 /* Build configuration list for PBXNativeTarget "DemoUITests" */;
			buildPhases = (
				EEC8BD0408F65D59C8E19CD1 /* [CP] Check Pods Manifest.lock */,
				644DD85622DDAE8700DFE358 /* Sources */,
				644DD85722DDAE8700DFE358 /* Frameworks */,
				644DD85822DDAE8700DFE358 /* Resources */,
				5045533773D5E9A5D9AFCDBE /* [CP] Embed Pods Frameworks */,
			);
			buildRules = (
			);
			dependencies = (
				644DD85C22DDAE8700DFE358 /* PBXTargetDependency */,
			);
			name = DemoUITests;
			productName = DemoUITests;
			productReference = 644DD85A22DDAE8700DFE358 /* DemoUITests.xctest */;
			productType = "com.apple.product-type.bundle.ui-testing";
		};
/* End PBXNativeTarget section */

/* Begin PBXProject section */
		644DD83322DDAE8600DFE358 /* Project object */ = {
			isa = PBXProject;
			attributes = {
				LastSwiftUpdateCheck = 1020;
				LastUpgradeCheck = 1020;
				ORGANIZATIONNAME = Vaishu;
				TargetAttributes = {
					644DD83A22DDAE8600DFE358 = {
						CreatedOnToolsVersion = 10.2.1;
					};
					644DD84E22DDAE8700DFE358 = {
						CreatedOnToolsVersion = 10.2.1;
						TestTargetID = 644DD83A22DDAE8600DFE358;
					};
					644DD85922DDAE8700DFE358 = {
						CreatedOnToolsVersion = 10.2.1;
						TestTargetID = 644DD83A22DDAE8600DFE358;
					};
				};
			};
			buildConfigurationList = 644DD83622DDAE8600DFE358 /* Build configuration list for PBXProject "Demo" */;
			compatibilityVersion = "Xcode 9.3";
			developmentRegion = en;
			hasScannedForEncodings = 0;
			knownRegions = (
				en,
				Base,
			);
			mainGroup = 644DD83222DDAE8600DFE358;
			productRefGroup = 644DD83C22DDAE8600DFE358 /* Products */;
			projectDirPath = "";
			projectRoot = "";
			targets = (
				644DD83A22DDAE8600DFE358 /* Demo */,
				644DD84E22DDAE8700DFE358 /* DemoTests */,
				644DD85922DDAE8700DFE358 /* DemoUITests */,
			);
		};
/* End PBXProject section */

/* Begin PBXResourcesBuildPhase section */
		644DD83922DDAE8600DFE358 /* Resources */ = {
			isa = PBXResourcesBuildPhase;
			buildActionMask = 2147483647;
			files = (
				64A08EEA22E4E4AE0032489D /* CellWithSimilarMovies.xib in Resources */,
				64F6499B22DE243300D1856B /* MovieTableViewCell.xib in Resources */,
				64A08EE622E4D4310032489D /* CellWithTextView.xib in Resources */,
				64A08ED122E47D460032489D /* MovieDetailHeaderView.xib in Resources */,
				64A08EE122E4D4090032489D /* CellWithLabels.xib in Resources */,
				64A08EDD22E4BBA90032489D /* Movie.json in Resources */,
				64A08EEE22E4E5EA0032489D /* CellWithImageLabel.xib in Resources */,
				644DD84922DDAE8700DFE358 /* LaunchScreen.storyboard in Resources */,
				64A08EDA22E4ABE50032489D /* Main.storyboard in Resources */,
				644DD84622DDAE8700DFE358 /* Assets.xcassets in Resources */,
			);
			runOnlyForDeploymentPostprocessing = 0;
		};
		644DD84D22DDAE8700DFE358 /* Resources */ = {
			isa = PBXResourcesBuildPhase;
			buildActionMask = 2147483647;
			files = (
			);
			runOnlyForDeploymentPostprocessing = 0;
		};
		644DD85822DDAE8700DFE358 /* Resources */ = {
			isa = PBXResourcesBuildPhase;
			buildActionMask = 2147483647;
			files = (
			);
			runOnlyForDeploymentPostprocessing = 0;
		};
/* End PBXResourcesBuildPhase section */

/* Begin PBXShellScriptBuildPhase section */
		5045533773D5E9A5D9AFCDBE /* [CP] Embed Pods Frameworks */ = {
			isa = PBXShellScriptBuildPhase;
			buildActionMask = 2147483647;
			files = (
			);
			inputFileListPaths = (
				"${PODS_ROOT}/Target Support Files/Pods-DemoUITests/Pods-DemoUITests-frameworks-${CONFIGURATION}-input-files.xcfilelist",
			);
			name = "[CP] Embed Pods Frameworks";
			outputFileListPaths = (
				"${PODS_ROOT}/Target Support Files/Pods-DemoUITests/Pods-DemoUITests-frameworks-${CONFIGURATION}-output-files.xcfilelist",
			);
			runOnlyForDeploymentPostprocessing = 0;
			shellPath = /bin/sh;
			shellScript = "\"${PODS_ROOT}/Target Support Files/Pods-DemoUITests/Pods-DemoUITests-frameworks.sh\"\n";
			showEnvVarsInLog = 0;
		};
		5425E954403F628FDD1C9E3E /* [CP] Embed Pods Frameworks */ = {
			isa = PBXShellScriptBuildPhase;
			buildActionMask = 2147483647;
			files = (
			);
			inputFileListPaths = (
				"${PODS_ROOT}/Target Support Files/Pods-DemoTests/Pods-DemoTests-frameworks-${CONFIGURATION}-input-files.xcfilelist",
			);
			name = "[CP] Embed Pods Frameworks";
			outputFileListPaths = (
				"${PODS_ROOT}/Target Support Files/Pods-DemoTests/Pods-DemoTests-frameworks-${CONFIGURATION}-output-files.xcfilelist",
			);
			runOnlyForDeploymentPostprocessing = 0;
			shellPath = /bin/sh;
			shellScript = "\"${PODS_ROOT}/Target Support Files/Pods-DemoTests/Pods-DemoTests-frameworks.sh\"\n";
			showEnvVarsInLog = 0;
		};
		63B93B1AF7C4F9BE02B02D1B /* [CP] Check Pods Manifest.lock */ = {
			isa = PBXShellScriptBuildPhase;
			buildActionMask = 2147483647;
			files = (
			);
			inputFileListPaths = (
			);
			inputPaths = (
				"${PODS_PODFILE_DIR_PATH}/Podfile.lock",
				"${PODS_ROOT}/Manifest.lock",
			);
			name = "[CP] Check Pods Manifest.lock";
			outputFileListPaths = (
			);
			outputPaths = (
				"$(DERIVED_FILE_DIR)/Pods-Demo-checkManifestLockResult.txt",
			);
			runOnlyForDeploymentPostprocessing = 0;
			shellPath = /bin/sh;
			shellScript = "diff \"${PODS_PODFILE_DIR_PATH}/Podfile.lock\" \"${PODS_ROOT}/Manifest.lock\" > /dev/null\nif [ $? != 0 ] ; then\n    # print error to STDERR\n    echo \"error: The sandbox is not in sync with the Podfile.lock. Run 'pod install' or update your CocoaPods installation.\" >&2\n    exit 1\nfi\n# This output is used by Xcode 'outputs' to avoid re-running this script phase.\necho \"SUCCESS\" > \"${SCRIPT_OUTPUT_FILE_0}\"\n";
			showEnvVarsInLog = 0;
		};
		9C77AF0F26DBAB97732CB94F /* [CP] Embed Pods Frameworks */ = {
			isa = PBXShellScriptBuildPhase;
			buildActionMask = 2147483647;
			files = (
			);
			inputFileListPaths = (
				"${PODS_ROOT}/Target Support Files/Pods-Demo/Pods-Demo-frameworks-${CONFIGURATION}-input-files.xcfilelist",
			);
			name = "[CP] Embed Pods Frameworks";
			outputFileListPaths = (
				"${PODS_ROOT}/Target Support Files/Pods-Demo/Pods-Demo-frameworks-${CONFIGURATION}-output-files.xcfilelist",
			);
			runOnlyForDeploymentPostprocessing = 0;
			shellPath = /bin/sh;
			shellScript = "\"${PODS_ROOT}/Target Support Files/Pods-Demo/Pods-Demo-frameworks.sh\"\n";
			showEnvVarsInLog = 0;
		};
		DD17C81C8F3FA03FDEFECBB1 /* [CP] Check Pods Manifest.lock */ = {
			isa = PBXShellScriptBuildPhase;
			buildActionMask = 2147483647;
			files = (
			);
			inputFileListPaths = (
			);
			inputPaths = (
				"${PODS_PODFILE_DIR_PATH}/Podfile.lock",
				"${PODS_ROOT}/Manifest.lock",
			);
			name = "[CP] Check Pods Manifest.lock";
			outputFileListPaths = (
			);
			outputPaths = (
				"$(DERIVED_FILE_DIR)/Pods-DemoTests-checkManifestLockResult.txt",
			);
			runOnlyForDeploymentPostprocessing = 0;
			shellPath = /bin/sh;
			shellScript = "diff \"${PODS_PODFILE_DIR_PATH}/Podfile.lock\" \"${PODS_ROOT}/Manifest.lock\" > /dev/null\nif [ $? != 0 ] ; then\n    # print error to STDERR\n    echo \"error: The sandbox is not in sync with the Podfile.lock. Run 'pod install' or update your CocoaPods installation.\" >&2\n    exit 1\nfi\n# This output is used by Xcode 'outputs' to avoid re-running this script phase.\necho \"SUCCESS\" > \"${SCRIPT_OUTPUT_FILE_0}\"\n";
			showEnvVarsInLog = 0;
		};
		EEC8BD0408F65D59C8E19CD1 /* [CP] Check Pods Manifest.lock */ = {
			isa = PBXShellScriptBuildPhase;
			buildActionMask = 2147483647;
			files = (
			);
			inputFileListPaths = (
			);
			inputPaths = (
				"${PODS_PODFILE_DIR_PATH}/Podfile.lock",
				"${PODS_ROOT}/Manifest.lock",
			);
			name = "[CP] Check Pods Manifest.lock";
			outputFileListPaths = (
			);
			outputPaths = (
				"$(DERIVED_FILE_DIR)/Pods-DemoUITests-checkManifestLockResult.txt",
			);
			runOnlyForDeploymentPostprocessing = 0;
			shellPath = /bin/sh;
			shellScript = "diff \"${PODS_PODFILE_DIR_PATH}/Podfile.lock\" \"${PODS_ROOT}/Manifest.lock\" > /dev/null\nif [ $? != 0 ] ; then\n    # print error to STDERR\n    echo \"error: The sandbox is not in sync with the Podfile.lock. Run 'pod install' or update your CocoaPods installation.\" >&2\n    exit 1\nfi\n# This output is used by Xcode 'outputs' to avoid re-running this script phase.\necho \"SUCCESS\" > \"${SCRIPT_OUTPUT_FILE_0}\"\n";
			showEnvVarsInLog = 0;
		};
/* End PBXShellScriptBuildPhase section */

/* Begin PBXSourcesBuildPhase section */
		644DD83722DDAE8600DFE358 /* Sources */ = {
			isa = PBXSourcesBuildPhase;
			buildActionMask = 2147483647;
			files = (
				64A08EED22E4E5EA0032489D /* CellWithImageLabel.swift in Sources */,
				648030F522DEEC1F003274E3 /* Network.swift in Sources */,
				64A08EDE22E4BBA90032489D /* Movie.swift in Sources */,
				64A08ED222E47D460032489D /* MovieDetailHeaderView.swift in Sources */,
				64F6499722DE221300D1856B /* MainTVC.swift in Sources */,
				64A08ED722E4AA5D0032489D /* MovieDetailTVC.swift in Sources */,
				64A08EE922E4E4AE0032489D /* CellWithSimilarMovies.swift in Sources */,
				64A08EE222E4D4090032489D /* CellWithLabels.swift in Sources */,
				648030FA22DEF1AA003274E3 /* Constants.swift in Sources */,
				644DD83F22DDAE8600DFE358 /* AppDelegate.swift in Sources */,
				64F6499D22DE275800D1856B /* MovieTableViewCell.swift in Sources */,
				64A08EE522E4D4310032489D /* CellWithTextView.swift in Sources */,
				648030F722DEEC62003274E3 /* Interceptor.swift in Sources */,
				644361B822E43B94009DCC76 /* SpinnerView.swift in Sources */,
			);
			runOnlyForDeploymentPostprocessing = 0;
		};
		644DD84B22DDAE8700DFE358 /* Sources */ = {
			isa = PBXSourcesBuildPhase;
			buildActionMask = 2147483647;
			files = (
				644DD85422DDAE8700DFE358 /* DemoTests.swift in Sources */,
			);
			runOnlyForDeploymentPostprocessing = 0;
		};
		644DD85622DDAE8700DFE358 /* Sources */ = {
			isa = PBXSourcesBuildPhase;
			buildActionMask = 2147483647;
			files = (
				644DD85F22DDAE8700DFE358 /* DemoUITests.swift in Sources */,
			);
			runOnlyForDeploymentPostprocessing = 0;
		};
/* End PBXSourcesBuildPhase section */

/* Begin PBXTargetDependency section */
		644DD85122DDAE8700DFE358 /* PBXTargetDependency */ = {
			isa = PBXTargetDependency;
			target = 644DD83A22DDAE8600DFE358 /* Demo */;
			targetProxy = 644DD85022DDAE8700DFE358 /* PBXContainerItemProxy */;
		};
		644DD85C22DDAE8700DFE358 /* PBXTargetDependency */ = {
			isa = PBXTargetDependency;
			target = 644DD83A22DDAE8600DFE358 /* Demo */;
			targetProxy = 644DD85B22DDAE8700DFE358 /* PBXContainerItemProxy */;
		};
/* End PBXTargetDependency section */

/* Begin PBXVariantGroup section */
		644DD84722DDAE8700DFE358 /* LaunchScreen.storyboard */ = {
			isa = PBXVariantGroup;
			children = (
				644DD84822DDAE8700DFE358 /* Base */,
			);
			name = LaunchScreen.storyboard;
			sourceTree = "<group>";
		};
		64A08ED822E4ABE50032489D /* Main.storyboard */ = {
			isa = PBXVariantGroup;
			children = (
				64A08ED922E4ABE50032489D /* Base */,
			);
			name = Main.storyboard;
			sourceTree = "<group>";
		};
/* End PBXVariantGroup section */

/* Begin XCBuildConfiguration section */
		644DD86122DDAE8700DFE358 /* Debug */ = {
			isa = XCBuildConfiguration;
			buildSettings = {
				ALWAYS_SEARCH_USER_PATHS = NO;
				CLANG_ANALYZER_NONNULL = YES;
				CLANG_ANALYZER_NUMBER_OBJECT_CONVERSION = YES_AGGRESSIVE;
				CLANG_CXX_LANGUAGE_STANDARD = "gnu++14";
				CLANG_CXX_LIBRARY = "libc++";
				CLANG_ENABLE_MODULES = YES;
				CLANG_ENABLE_OBJC_ARC = YES;
				CLANG_ENABLE_OBJC_WEAK = YES;
				CLANG_WARN_BLOCK_CAPTURE_AUTORELEASING = YES;
				CLANG_WARN_BOOL_CONVERSION = YES;
				CLANG_WARN_COMMA = YES;
				CLANG_WARN_CONSTANT_CONVERSION = YES;
				CLANG_WARN_DEPRECATED_OBJC_IMPLEMENTATIONS = YES;
				CLANG_WARN_DIRECT_OBJC_ISA_USAGE = YES_ERROR;
				CLANG_WARN_DOCUMENTATION_COMMENTS = YES;
				CLANG_WARN_EMPTY_BODY = YES;
				CLANG_WARN_ENUM_CONVERSION = YES;
				CLANG_WARN_INFINITE_RECURSION = YES;
				CLANG_WARN_INT_CONVERSION = YES;
				CLANG_WARN_NON_LITERAL_NULL_CONVERSION = YES;
				CLANG_WARN_OBJC_IMPLICIT_RETAIN_SELF = YES;
				CLANG_WARN_OBJC_LITERAL_CONVERSION = YES;
				CLANG_WARN_OBJC_ROOT_CLASS = YES_ERROR;
				CLANG_WARN_RANGE_LOOP_ANALYSIS = YES;
				CLANG_WARN_STRICT_PROTOTYPES = YES;
				CLANG_WARN_SUSPICIOUS_MOVE = YES;
				CLANG_WARN_UNGUARDED_AVAILABILITY = YES_AGGRESSIVE;
				CLANG_WARN_UNREACHABLE_CODE = YES;
				CLANG_WARN__DUPLICATE_METHOD_MATCH = YES;
				CODE_SIGN_IDENTITY = "iPhone Developer";
				COPY_PHASE_STRIP = NO;
				DEBUG_INFORMATION_FORMAT = dwarf;
				ENABLE_STRICT_OBJC_MSGSEND = YES;
				ENABLE_TESTABILITY = YES;
				GCC_C_LANGUAGE_STANDARD = gnu11;
				GCC_DYNAMIC_NO_PIC = NO;
				GCC_NO_COMMON_BLOCKS = YES;
				GCC_OPTIMIZATION_LEVEL = 0;
				GCC_PREPROCESSOR_DEFINITIONS = (
					"DEBUG=1",
					"$(inherited)",
				);
				GCC_WARN_64_TO_32_BIT_CONVERSION = YES;
				GCC_WARN_ABOUT_RETURN_TYPE = YES_ERROR;
				GCC_WARN_UNDECLARED_SELECTOR = YES;
				GCC_WARN_UNINITIALIZED_AUTOS = YES_AGGRESSIVE;
				GCC_WARN_UNUSED_FUNCTION = YES;
				GCC_WARN_UNUSED_VARIABLE = YES;
				IPHONEOS_DEPLOYMENT_TARGET = 12.2;
				MTL_ENABLE_DEBUG_INFO = INCLUDE_SOURCE;
				MTL_FAST_MATH = YES;
				ONLY_ACTIVE_ARCH = YES;
				SDKROOT = iphoneos;
				SWIFT_ACTIVE_COMPILATION_CONDITIONS = DEBUG;
				SWIFT_OPTIMIZATION_LEVEL = "-Onone";
			};
			name = Debug;
		};
		644DD86222DDAE8700DFE358 /* Release */ = {
			isa = XCBuildConfiguration;
			buildSettings = {
				ALWAYS_SEARCH_USER_PATHS = NO;
				CLANG_ANALYZER_NONNULL = YES;
				CLANG_ANALYZER_NUMBER_OBJECT_CONVERSION = YES_AGGRESSIVE;
				CLANG_CXX_LANGUAGE_STANDARD = "gnu++14";
				CLANG_CXX_LIBRARY = "libc++";
				CLANG_ENABLE_MODULES = YES;
				CLANG_ENABLE_OBJC_ARC = YES;
				CLANG_ENABLE_OBJC_WEAK = YES;
				CLANG_WARN_BLOCK_CAPTURE_AUTORELEASING = YES;
				CLANG_WARN_BOOL_CONVERSION = YES;
				CLANG_WARN_COMMA = YES;
				CLANG_WARN_CONSTANT_CONVERSION = YES;
				CLANG_WARN_DEPRECATED_OBJC_IMPLEMENTATIONS = YES;
				CLANG_WARN_DIRECT_OBJC_ISA_USAGE = YES_ERROR;
				CLANG_WARN_DOCUMENTATION_COMMENTS = YES;
				CLANG_WARN_EMPTY_BODY = YES;
				CLANG_WARN_ENUM_CONVERSION = YES;
				CLANG_WARN_INFINITE_RECURSION = YES;
				CLANG_WARN_INT_CONVERSION = YES;
				CLANG_WARN_NON_LITERAL_NULL_CONVERSION = YES;
				CLANG_WARN_OBJC_IMPLICIT_RETAIN_SELF = YES;
				CLANG_WARN_OBJC_LITERAL_CONVERSION = YES;
				CLANG_WARN_OBJC_ROOT_CLASS = YES_ERROR;
				CLANG_WARN_RANGE_LOOP_ANALYSIS = YES;
				CLANG_WARN_STRICT_PROTOTYPES = YES;
				CLANG_WARN_SUSPICIOUS_MOVE = YES;
				CLANG_WARN_UNGUARDED_AVAILABILITY = YES_AGGRESSIVE;
				CLANG_WARN_UNREACHABLE_CODE = YES;
				CLANG_WARN__DUPLICATE_METHOD_MATCH = YES;
				CODE_SIGN_IDENTITY = "iPhone Developer";
				COPY_PHASE_STRIP = NO;
				DEBUG_INFORMATION_FORMAT = "dwarf-with-dsym";
				ENABLE_NS_ASSERTIONS = NO;
				ENABLE_STRICT_OBJC_MSGSEND = YES;
				GCC_C_LANGUAGE_STANDARD = gnu11;
				GCC_NO_COMMON_BLOCKS = YES;
				GCC_WARN_64_TO_32_BIT_CONVERSION = YES;
				GCC_WARN_ABOUT_RETURN_TYPE = YES_ERROR;
				GCC_WARN_UNDECLARED_SELECTOR = YES;
				GCC_WARN_UNINITIALIZED_AUTOS = YES_AGGRESSIVE;
				GCC_WARN_UNUSED_FUNCTION = YES;
				GCC_WARN_UNUSED_VARIABLE = YES;
				IPHONEOS_DEPLOYMENT_TARGET = 12.2;
				MTL_ENABLE_DEBUG_INFO = NO;
				MTL_FAST_MATH = YES;
				SDKROOT = iphoneos;
				SWIFT_COMPILATION_MODE = wholemodule;
				SWIFT_OPTIMIZATION_LEVEL = "-O";
				VALIDATE_PRODUCT = YES;
			};
			name = Release;
		};
		644DD86422DDAE8700DFE358 /* Debug */ = {
			isa = XCBuildConfiguration;
			baseConfigurationReference = 9543602F8C766C0835914706 /* Pods-Demo.debug.xcconfig */;
			buildSettings = {
				ASSETCATALOG_COMPILER_APPICON_NAME = AppIcon;
				CODE_SIGN_STYLE = Automatic;
				DEVELOPMENT_TEAM = LREM38BVR7;
				INFOPLIST_FILE = Demo/Info.plist;
				LD_RUNPATH_SEARCH_PATHS = (
					"$(inherited)",
					"@executable_path/Frameworks",
				);
				PRODUCT_BUNDLE_IDENTIFIER = Vaishu.Demo;
				PRODUCT_NAME = "$(TARGET_NAME)";
				SWIFT_VERSION = 5.0;
				TARGETED_DEVICE_FAMILY = "1,2";
			};
			name = Debug;
		};
		644DD86522DDAE8700DFE358 /* Release */ = {
			isa = XCBuildConfiguration;
			baseConfigurationReference = 7AB5D58598ED1B685111149D /* Pods-Demo.release.xcconfig */;
			buildSettings = {
				ASSETCATALOG_COMPILER_APPICON_NAME = AppIcon;
				CODE_SIGN_STYLE = Automatic;
				DEVELOPMENT_TEAM = LREM38BVR7;
				INFOPLIST_FILE = Demo/Info.plist;
				LD_RUNPATH_SEARCH_PATHS = (
					"$(inherited)",
					"@executable_path/Frameworks",
				);
				PRODUCT_BUNDLE_IDENTIFIER = Vaishu.Demo;
				PRODUCT_NAME = "$(TARGET_NAME)";
				SWIFT_VERSION = 5.0;
				TARGETED_DEVICE_FAMILY = "1,2";
			};
			name = Release;
		};
		644DD86722DDAE8700DFE358 /* Debug */ = {
			isa = XCBuildConfiguration;
			baseConfigurationReference = C2533B0268D6A7F243034467 /* Pods-DemoTests.debug.xcconfig */;
			buildSettings = {
				ALWAYS_EMBED_SWIFT_STANDARD_LIBRARIES = YES;
				BUNDLE_LOADER = "$(TEST_HOST)";
				CODE_SIGN_STYLE = Automatic;
				DEVELOPMENT_TEAM = LREM38BVR7;
				INFOPLIST_FILE = DemoTests/Info.plist;
				LD_RUNPATH_SEARCH_PATHS = (
					"$(inherited)",
					"@executable_path/Frameworks",
					"@loader_path/Frameworks",
				);
				PRODUCT_BUNDLE_IDENTIFIER = Vaishu.DemoTests;
				PRODUCT_NAME = "$(TARGET_NAME)";
				SWIFT_VERSION = 5.0;
				TARGETED_DEVICE_FAMILY = "1,2";
				TEST_HOST = "$(BUILT_PRODUCTS_DIR)/Demo.app/Demo";
			};
			name = Debug;
		};
		644DD86822DDAE8700DFE358 /* Release */ = {
			isa = XCBuildConfiguration;
			baseConfigurationReference = 28B41C348B3E6FCB579DF455 /* Pods-DemoTests.release.xcconfig */;
			buildSettings = {
				ALWAYS_EMBED_SWIFT_STANDARD_LIBRARIES = YES;
				BUNDLE_LOADER = "$(TEST_HOST)";
				CODE_SIGN_STYLE = Automatic;
				DEVELOPMENT_TEAM = LREM38BVR7;
				INFOPLIST_FILE = DemoTests/Info.plist;
				LD_RUNPATH_SEARCH_PATHS = (
					"$(inherited)",
					"@executable_path/Frameworks",
					"@loader_path/Frameworks",
				);
				PRODUCT_BUNDLE_IDENTIFIER = Vaishu.DemoTests;
				PRODUCT_NAME = "$(TARGET_NAME)";
				SWIFT_VERSION = 5.0;
				TARGETED_DEVICE_FAMILY = "1,2";
				TEST_HOST = "$(BUILT_PRODUCTS_DIR)/Demo.app/Demo";
			};
			name = Release;
		};
		644DD86A22DDAE8700DFE358 /* Debug */ = {
			isa = XCBuildConfiguration;
			baseConfigurationReference = EE26B5F5E8A2858294937405 /* Pods-DemoUITests.debug.xcconfig */;
			buildSettings = {
				ALWAYS_EMBED_SWIFT_STANDARD_LIBRARIES = YES;
				CODE_SIGN_STYLE = Automatic;
				DEVELOPMENT_TEAM = LREM38BVR7;
				INFOPLIST_FILE = DemoUITests/Info.plist;
				LD_RUNPATH_SEARCH_PATHS = (
					"$(inherited)",
					"@executable_path/Frameworks",
					"@loader_path/Frameworks",
				);
				PRODUCT_BUNDLE_IDENTIFIER = Vaishu.DemoUITests;
				PRODUCT_NAME = "$(TARGET_NAME)";
				SWIFT_VERSION = 5.0;
				TARGETED_DEVICE_FAMILY = "1,2";
				TEST_TARGET_NAME = Demo;
			};
			name = Debug;
		};
		644DD86B22DDAE8700DFE358 /* Release */ = {
			isa = XCBuildConfiguration;
			baseConfigurationReference = 080CCD9A8AA3D96066D9E7F4 /* Pods-DemoUITests.release.xcconfig */;
			buildSettings = {
				ALWAYS_EMBED_SWIFT_STANDARD_LIBRARIES = YES;
				CODE_SIGN_STYLE = Automatic;
				DEVELOPMENT_TEAM = LREM38BVR7;
				INFOPLIST_FILE = DemoUITests/Info.plist;
				LD_RUNPATH_SEARCH_PATHS = (
					"$(inherited)",
					"@executable_path/Frameworks",
					"@loader_path/Frameworks",
				);
				PRODUCT_BUNDLE_IDENTIFIER = Vaishu.DemoUITests;
				PRODUCT_NAME = "$(TARGET_NAME)";
				SWIFT_VERSION = 5.0;
				TARGETED_DEVICE_FAMILY = "1,2";
				TEST_TARGET_NAME = Demo;
			};
			name = Release;
		};
/* End XCBuildConfiguration section */

/* Begin XCConfigurationList section */
		644DD83622DDAE8600DFE358 /* Build configuration list for PBXProject "Demo" */ = {
			isa = XCConfigurationList;
			buildConfigurations = (
				644DD86122DDAE8700DFE358 /* Debug */,
				644DD86222DDAE8700DFE358 /* Release */,
			);
			defaultConfigurationIsVisible = 0;
			defaultConfigurationName = Release;
		};
		644DD86322DDAE8700DFE358 /* Build configuration list for PBXNativeTarget "Demo" */ = {
			isa = XCConfigurationList;
			buildConfigurations = (
				644DD86422DDAE8700DFE358 /* Debug */,
				644DD86522DDAE8700DFE358 /* Release */,
			);
			defaultConfigurationIsVisible = 0;
			defaultConfigurationName = Release;
		};
		644DD86622DDAE8700DFE358 /* Build configuration list for PBXNativeTarget "DemoTests" */ = {
			isa = XCConfigurationList;
			buildConfigurations = (
				644DD86722DDAE8700DFE358 /* Debug */,
				644DD86822DDAE8700DFE358 /* Release */,
			);
			defaultConfigurationIsVisible = 0;
			defaultConfigurationName = Release;
		};
		644DD86922DDAE8700DFE358 /* Build configuration list for PBXNativeTarget "DemoUITests" */ = {
			isa = XCConfigurationList;
			buildConfigurations = (
				644DD86A22DDAE8700DFE358 /* Debug */,
				644DD86B22DDAE8700DFE358 /* Release */,
			);
			defaultConfigurationIsVisible = 0;
			defaultConfigurationName = Release;
		};
/* End XCConfigurationList section */
	};
	rootObject = 644DD83322DDAE8600DFE358 /* Project object */;
}
